
Microsoft Visual Studio Solution File, Format Version 12.00
# Visual Studio Version 16
VisualStudioVersion = 16.0.30517.126
MinimumVisualStudioVersion = 10.0.40219.1
Project("{FAE04EC0-301F-11D3-BF4B-00C04F79EFBC}") = "InsertionSort", "InsertionSort\InsertionSort.csproj", "{9CE16188-60AC-4128-918F-642E5B681CB4}"
EndProject
Global
	GlobalSection(SolutionConfigurationPlatforms) = preSolution
		Debug|Any CPU = Debug|Any CPU
		Release|Any CPU = Release|Any CPU
	EndGlobalSection
	GlobalSection(ProjectConfigurationPlatforms) = postSolution
		{9CE16188-60AC-4128-918F-642E5B681CB4}.Debug|Any CPU.ActiveCfg = Debug|Any CPU
		{9CE16188-60AC-4128-918F-642E5B681CB4}.Debug|Any CPU.Build.0 = Debug|Any CPU
		{9CE16188-60AC-4128-918F-642E5B681CB4}.Release|Any CPU.ActiveCfg = Release|Any CPU
		{9CE16188-60AC-4128-918F-642E5B681CB4}.Release|Any CPU.Build.0 = Release|Any CPU
	EndGlobalSection
	GlobalSection(SolutionProperties) = preSolution
		HideSolutionNode = FALSE
	EndGlobalSection
	GlobalSection(ExtensibilityGlobals) = postSolution
		SolutionGuid = {149AD77F-25C9-47AB-B4F5-1C7F60B11AC2}
	EndGlobalSection
EndGlobal
